// !$*UTF8*$!
{
	archiveVersion = 1;
	classes = {
	};
	objectVersion = 56;
	objects = {

/* Begin PBXBuildFile section */
		0B26D6DC2D64974100371A73 /* AppDelegate.swift in Sources */ = {isa = PBXBuildFile; fileRef = 0B26D6DB2D64974100371A73 /* AppDelegate.swift */; };
		0B26D6DE2D64974100371A73 /* SceneDelegate.swift in Sources */ = {isa = PBXBuildFile; fileRef = 0B26D6DD2D64974100371A73 /* SceneDelegate.swift */; };
		0B26D6E02D64974100371A73 /* ViewController.swift in Sources */ = {isa = PBXBuildFile; fileRef = 0B26D6DF2D64974100371A73 /* ViewController.swift */; };
		0B26D6E32D64974100371A73 /* Main.storyboard in Resources */ = {isa = PBXBuildFile; fileRef = 0B26D6E12D64974100371A73 /* Main.storyboard */; };
		0B26D6E52D64974500371A73 /* Assets.xcassets in Resources */ = {isa = PBXBuildFile; fileRef = 0B26D6E42D64974500371A73 /* Assets.xcassets */; };
		0B26D6E82D64974500371A73 /* LaunchScreen.storyboard in Resources */ = {isa = PBXBuildFile; fileRef = 0B26D6E62D64974500371A73 /* LaunchScreen.storyboard */; };
		0B26D6F62D64A90B00371A73 /* ResetpassViewController.swift in Sources */ = {isa = PBXBuildFile; fileRef = 0B26D6F52D64A90B00371A73 /* ResetpassViewController.swift */; };
		0B26D6F82D64A92100371A73 /* WelcomeViewController.swift in Sources */ = {isa = PBXBuildFile; fileRef = 0B26D6F72D64A92100371A73 /* WelcomeViewController.swift */; };
		0B26D6FA2D64A93000371A73 /* OtpViewController.swift in Sources */ = {isa = PBXBuildFile; fileRef = 0B26D6F92D64A93000371A73 /* OtpViewController.swift */; };
		0B26D6FC2D64A93C00371A73 /* RegViewController.swift in Sources */ = {isa = PBXBuildFile; fileRef = 0B26D6FB2D64A93C00371A73 /* RegViewController.swift */; };
		0B26D6FE2D64A94B00371A73 /* LoginViewController.swift in Sources */ = {isa = PBXBuildFile; fileRef = 0B26D6FD2D64A94B00371A73 /* LoginViewController.swift */; };
/* End PBXBuildFile section */

/* Begin PBXFileReference section */
		0B26D6D82D64974100371A73 /* UI-Project-6.app */ = {isa = PBXFileReference; explicitFileType = wrapper.application; includeInIndex = 0; path = "UI-Project-6.app"; sourceTree = BUILT_PRODUCTS_DIR; };
		0B26D6DB2D64974100371A73 /* AppDelegate.swift */ = {isa = PBXFileReference; lastKnownFileType = sourcecode.swift; path = AppDelegate.swift; sourceTree = "<group>"; };
		0B26D6DD2D64974100371A73 /* SceneDelegate.swift */ = {isa = PBXFileReference; lastKnownFileType = sourcecode.swift; path = SceneDelegate.swift; sourceTree = "<group>"; };
		0B26D6DF2D64974100371A73 /* ViewController.swift */ = {isa = PBXFileReference; lastKnownFileType = sourcecode.swift; path = ViewController.swift; sourceTree = "<group>"; };
		0B26D6E22D64974100371A73 /* Base */ = {isa = PBXFileReference; lastKnownFileType = file.storyboard; name = Base; path = Base.lproj/Main.storyboard; sourceTree = "<group>"; };
		0B26D6E42D64974500371A73 /* Assets.xcassets */ = {isa = PBXFileReference; lastKnownFileType = folder.assetcatalog; path = Assets.xcassets; sourceTree = "<group>"; };
		0B26D6E72D64974500371A73 /* Base */ = {isa = PBXFileReference; lastKnownFileType = file.storyboard; name = Base; path = Base.lproj/LaunchScreen.storyboard; sourceTree = "<group>"; };
		0B26D6E92D64974500371A73 /* Info.plist */ = {isa = PBXFileReference; lastKnownFileType = text.plist.xml; path = Info.plist; sourceTree = "<group>"; };
		0B26D6F52D64A90B00371A73 /* ResetpassViewController.swift */ = {isa = PBXFileReference; lastKnownFileType = sourcecode.swift; path = ResetpassViewController.swift; sourceTree = "<group>"; };
		0B26D6F72D64A92100371A73 /* WelcomeViewController.swift */ = {isa = PBXFileReference; lastKnownFileType = sourcecode.swift; path = WelcomeViewController.swift; sourceTree = "<group>"; };
		0B26D6F92D64A93000371A73 /* OtpViewController.swift */ = {isa = PBXFileReference; lastKnownFileType = sourcecode.swift; path = OtpViewController.swift; sourceTree = "<group>"; };
		0B26D6FB2D64A93C00371A73 /* RegViewController.swift */ = {isa = PBXFileReference; lastKnownFileType = sourcecode.swift; path = RegViewController.swift; sourceTree = "<group>"; };
		0B26D6FD2D64A94B00371A73 /* LoginViewController.swift */ = {isa = PBXFileReference; lastKnownFileType = sourcecode.swift; path = LoginViewController.swift; sourceTree = "<group>"; };
/* End PBXFileReference section */

/* Begin PBXFrameworksBuildPhase section */
		0B26D6D52D64974100371A73 /* Frameworks */ = {
			isa = PBXFrameworksBuildPhase;
			buildActionMask = 2147483647;
			files = (
			);
			runOnlyForDeploymentPostprocessing = 0;
		};
/* End PBXFrameworksBuildPhase section */

/* Begin PBXGroup section */
		0B26D6CF2D64974100371A73 = {
			isa = PBXGroup;
			children = (
				0B26D6DA2D64974100371A73 /* UI-Project-6 */,
				0B26D6D92D64974100371A73 /* Products */,
			);
			sourceTree = "<group>";
		};
		0B26D6D92D64974100371A73 /* Products */ = {
			isa = PBXGroup;
			children = (
				0B26D6D82D64974100371A73 /* UI-Project-6.app */,
			);
			name = Products;
			sourceTree = "<group>";
		};
		0B26D6DA2D64974100371A73 /* UI-Project-6 */ = {
			isa = PBXGroup;
			children = (
				0B26D6EF2D64A8B300371A73 /* ViewControllers */,
				0B26D6DB2D64974100371A73 /* AppDelegate.swift */,
				0B26D6DD2D64974100371A73 /* SceneDelegate.swift */,
				0B26D6DF2D64974100371A73 /* ViewController.swift */,
				0B26D6E12D64974100371A73 /* Main.storyboard */,
				0B26D6E42D64974500371A73 /* Assets.xcassets */,
				0B26D6E62D64974500371A73 /* LaunchScreen.storyboard */,
				0B26D6E92D64974500371A73 /* Info.plist */,
			);
			path = "UI-Project-6";
			sourceTree = "<group>";
		};
		0B26D6EF2D64A8B300371A73 /* ViewControllers */ = {
			isa = PBXGroup;
			children = (
				0B26D6F42D64A8EF00371A73 /* ResetpassVC */,
				0B26D6F32D64A8E000371A73 /* WelcomeVC */,
				0B26D6F22D64A8CF00371A73 /* OtpVC */,
				0B26D6F12D64A8C700371A73 /* RegVC */,
				0B26D6F02D64A8BE00371A73 /* LoginVC */,
			);
			path = ViewControllers;
			sourceTree = "<group>";
		};
		0B26D6F02D64A8BE00371A73 /* LoginVC */ = {
			isa = PBXGroup;
			children = (
				0B26D6FD2D64A94B00371A73 /* LoginViewController.swift */,
			);
			path = LoginVC;
			sourceTree = "<group>";
		};
		0B26D6F12D64A8C700371A73 /* RegVC */ = {
			isa = PBXGroup;
			children = (
				0B26D6FB2D64A93C00371A73 /* RegViewController.swift */,
			);
			path = RegVC;
			sourceTree = "<group>";
		};
		0B26D6F22D64A8CF00371A73 /* OtpVC */ = {
			isa = PBXGroup;
			children = (
				0B26D6F92D64A93000371A73 /* OtpViewController.swift */,
			);
			path = OtpVC;
			sourceTree = "<group>";
		};
		0B26D6F32D64A8E000371A73 /* WelcomeVC */ = {
			isa = PBXGroup;
			children = (
				0B26D6F72D64A92100371A73 /* WelcomeViewController.swift */,
			);
			path = WelcomeVC;
			sourceTree = "<group>";
		};
		0B26D6F42D64A8EF00371A73 /* ResetpassVC */ = {
			isa = PBXGroup;
			children = (
				0B26D6F52D64A90B00371A73 /* ResetpassViewController.swift */,
			);
			path = ResetpassVC;
			sourceTree = "<group>";
		};
/* End PBXGroup section */

/* Begin PBXNativeTarget section */
		0B26D6D72D64974100371A73 /* UI-Project-6 */ = {
			isa = PBXNativeTarget;
			buildConfigurationList = 0B26D6EC2D64974500371A73 /* Build configuration list for PBXNativeTarget "UI-Project-6" */;
			buildPhases = (
				0B26D6D42D64974100371A73 /* Sources */,
				0B26D6D52D64974100371A73 /* Frameworks */,
				0B26D6D62D64974100371A73 /* Resources */,
			);
			buildRules = (
			);
			dependencies = (
			);
			name = "UI-Project-6";
			productName = "UI-Project-6";
			productReference = 0B26D6D82D64974100371A73 /* UI-Project-6.app */;
			productType = "com.apple.product-type.application";
		};
/* End PBXNativeTarget section */

/* Begin PBXProject section */
		0B26D6D02D64974100371A73 /* Project object */ = {
			isa = PBXProject;
			attributes = {
				BuildIndependentTargetsInParallel = 1;
				LastSwiftUpdateCheck = 1420;
				LastUpgradeCheck = 1420;
				TargetAttributes = {
					0B26D6D72D64974100371A73 = {
						CreatedOnToolsVersion = 14.2;
					};
				};
			};
			buildConfigurationList = 0B26D6D32D64974100371A73 /* Build configuration list for PBXProject "UI-Project-6" */;
			compatibilityVersion = "Xcode 14.0";
			developmentRegion = en;
			hasScannedForEncodings = 0;
			knownRegions = (
				en,
				Base,
			);
			mainGroup = 0B26D6CF2D64974100371A73;
			productRefGroup = 0B26D6D92D64974100371A73 /* Products */;
			projectDirPath = "";
			projectRoot = "";
			targets = (
				0B26D6D72D64974100371A73 /* UI-Project-6 */,
			);
		};
/* End PBXProject section */

/* Begin PBXResourcesBuildPhase section */
		0B26D6D62D64974100371A73 /* Resources */ = {
			isa = PBXResourcesBuildPhase;
			buildActionMask = 2147483647;
			files = (
				0B26D6E82D64974500371A73 /* LaunchScreen.storyboard in Resources */,
				0B26D6E52D64974500371A73 /* Assets.xcassets in Resources */,
				0B26D6E32D64974100371A73 /* Main.storyboard in Resources */,
			);
			runOnlyForDeploymentPostprocessing = 0;
		};
/* End PBXResourcesBuildPhase section */

/* Begin PBXSourcesBuildPhase section */
		0B26D6D42D64974100371A73 /* Sources */ = {
			isa = PBXSourcesBuildPhase;
			buildActionMask = 2147483647;
			files = (
				0B26D6E02D64974100371A73 /* ViewController.swift in Sources */,
				0B26D6F82D64A92100371A73 /* WelcomeViewController.swift in Sources */,
				0B26D6FA2D64A93000371A73 /* OtpViewController.swift in Sources */,
				0B26D6F62D64A90B00371A73 /* ResetpassViewController.swift in Sources */,
				0B26D6FE2D64A94B00371A73 /* LoginViewController.swift in Sources */,
				0B26D6DC2D64974100371A73 /* AppDelegate.swift in Sources */,
				0B26D6DE2D64974100371A73 /* SceneDelegate.swift in Sources */,
				0B26D6FC2D64A93C00371A73 /* RegViewController.swift in Sources */,
			);
			runOnlyForDeploymentPostprocessing = 0;
		};
/* End PBXSourcesBuildPhase section */

/* Begin PBXVariantGroup section */
		0B26D6E12D64974100371A73 /* Main.storyboard */ = {
			isa = PBXVariantGroup;
			children = (
				0B26D6E22D64974100371A73 /* Base */,
			);
			name = Main.storyboard;
			sourceTree = "<group>";
		};
		0B26D6E62D64974500371A73 /* LaunchScreen.storyboard */ = {
			isa = PBXVariantGroup;
			children = (
				0B26D6E72D64974500371A73 /* Base */,
			);
			name = LaunchScreen.storyboard;
			sourceTree = "<group>";
		};
/* End PBXVariantGroup section */

/* Begin XCBuildConfiguration section */
		0B26D6EA2D64974500371A73 /* Debug */ = {
			isa = XCBuildConfiguration;
			buildSettings = {
				ALWAYS_SEARCH_USER_PATHS = NO;
				CLANG_ANALYZER_NONNULL = YES;
				CLANG_ANALYZER_NUMBER_OBJECT_CONVERSION = YES_AGGRESSIVE;
				CLANG_CXX_LANGUAGE_STANDARD = "gnu++20";
				CLANG_ENABLE_MODULES = YES;
				CLANG_ENABLE_OBJC_ARC = YES;
				CLANG_ENABLE_OBJC_WEAK = YES;
				CLANG_WARN_BLOCK_CAPTURE_AUTORELEASING = YES;
				CLANG_WARN_BOOL_CONVERSION = YES;
				CLANG_WARN_COMMA = YES;
				CLANG_WARN_CONSTANT_CONVERSION = YES;
				CLANG_WARN_DEPRECATED_OBJC_IMPLEMENTATIONS = YES;
				CLANG_WARN_DIRECT_OBJC_ISA_USAGE = YES_ERROR;
				CLANG_WARN_DOCUMENTATION_COMMENTS = YES;
				CLANG_WARN_EMPTY_BODY = YES;
				CLANG_WARN_ENUM_CONVERSION = YES;
				CLANG_WARN_INFINITE_RECURSION = YES;
				CLANG_WARN_INT_CONVERSION = YES;
				CLANG_WARN_NON_LITERAL_NULL_CONVERSION = YES;
				CLANG_WARN_OBJC_IMPLICIT_RETAIN_SELF = YES;
				CLANG_WARN_OBJC_LITERAL_CONVERSION = YES;
				CLANG_WARN_OBJC_ROOT_CLASS = YES_ERROR;
				CLANG_WARN_QUOTED_INCLUDE_IN_FRAMEWORK_HEADER = YES;
				CLANG_WARN_RANGE_LOOP_ANALYSIS = YES;
				CLANG_WARN_STRICT_PROTOTYPES = YES;
				CLANG_WARN_SUSPICIOUS_MOVE = YES;
				CLANG_WARN_UNGUARDED_AVAILABILITY = YES_AGGRESSIVE;
				CLANG_WARN_UNREACHABLE_CODE = YES;
				CLANG_WARN__DUPLICATE_METHOD_MATCH = YES;
				COPY_PHASE_STRIP = NO;
				DEBUG_INFORMATION_FORMAT = dwarf;
				ENABLE_STRICT_OBJC_MSGSEND = YES;
				ENABLE_TESTABILITY = YES;
				GCC_C_LANGUAGE_STANDARD = gnu11;
				GCC_DYNAMIC_NO_PIC = NO;
				GCC_NO_COMMON_BLOCKS = YES;
				GCC_OPTIMIZATION_LEVEL = 0;
				GCC_PREPROCESSOR_DEFINITIONS = (
					"DEBUG=1",
					"$(inherited)",
				);
				GCC_WARN_64_TO_32_BIT_CONVERSION = YES;
				GCC_WARN_ABOUT_RETURN_TYPE = YES_ERROR;
				GCC_WARN_UNDECLARED_SELECTOR = YES;
				GCC_WARN_UNINITIALIZED_AUTOS = YES_AGGRESSIVE;
				GCC_WARN_UNUSED_FUNCTION = YES;
				GCC_WARN_UNUSED_VARIABLE = YES;
				IPHONEOS_DEPLOYMENT_TARGET = 16.2;
				MTL_ENABLE_DEBUG_INFO = INCLUDE_SOURCE;
				MTL_FAST_MATH = YES;
				ONLY_ACTIVE_ARCH = YES;
				SDKROOT = iphoneos;
				SWIFT_ACTIVE_COMPILATION_CONDITIONS = DEBUG;
				SWIFT_OPTIMIZATION_LEVEL = "-Onone";
			};
			name = Debug;
		};
		0B26D6EB2D64974500371A73 /* Release */ = {
			isa = XCBuildConfiguration;
			buildSettings = {
				ALWAYS_SEARCH_USER_PATHS = NO;
				CLANG_ANALYZER_NONNULL = YES;
				CLANG_ANALYZER_NUMBER_OBJECT_CONVERSION = YES_AGGRESSIVE;
				CLANG_CXX_LANGUAGE_STANDARD = "gnu++20";
				CLANG_ENABLE_MODULES = YES;
				CLANG_ENABLE_OBJC_ARC = YES;
				CLANG_ENABLE_OBJC_WEAK = YES;
				CLANG_WARN_BLOCK_CAPTURE_AUTORELEASING = YES;
				CLANG_WARN_BOOL_CONVERSION = YES;
				CLANG_WARN_COMMA = YES;
				CLANG_WARN_CONSTANT_CONVERSION = YES;
				CLANG_WARN_DEPRECATED_OBJC_IMPLEMENTATIONS = YES;
				CLANG_WARN_DIRECT_OBJC_ISA_USAGE = YES_ERROR;
				CLANG_WARN_DOCUMENTATION_COMMENTS = YES;
				CLANG_WARN_EMPTY_BODY = YES;
				CLANG_WARN_ENUM_CONVERSION = YES;
				CLANG_WARN_INFINITE_RECURSION = YES;
				CLANG_WARN_INT_CONVERSION = YES;
				CLANG_WARN_NON_LITERAL_NULL_CONVERSION = YES;
				CLANG_WARN_OBJC_IMPLICIT_RETAIN_SELF = YES;
				CLANG_WARN_OBJC_LITERAL_CONVERSION = YES;
				CLANG_WARN_OBJC_ROOT_CLASS = YES_ERROR;
				CLANG_WARN_QUOTED_INCLUDE_IN_FRAMEWORK_HEADER = YES;
				CLANG_WARN_RANGE_LOOP_ANALYSIS = YES;
				CLANG_WARN_STRICT_PROTOTYPES = YES;
				CLANG_WARN_SUSPICIOUS_MOVE = YES;
				CLANG_WARN_UNGUARDED_AVAILABILITY = YES_AGGRESSIVE;
				CLANG_WARN_UNREACHABLE_CODE = YES;
				CLANG_WARN__DUPLICATE_METHOD_MATCH = YES;
				COPY_PHASE_STRIP = NO;
				DEBUG_INFORMATION_FORMAT = "dwarf-with-dsym";
				ENABLE_NS_ASSERTIONS = NO;
				ENABLE_STRICT_OBJC_MSGSEND = YES;
				GCC_C_LANGUAGE_STANDARD = gnu11;
				GCC_NO_COMMON_BLOCKS = YES;
				GCC_WARN_64_TO_32_BIT_CONVERSION = YES;
				GCC_WARN_ABOUT_RETURN_TYPE = YES_ERROR;
				GCC_WARN_UNDECLARED_SELECTOR = YES;
				GCC_WARN_UNINITIALIZED_AUTOS = YES_AGGRESSIVE;
				GCC_WARN_UNUSED_FUNCTION = YES;
				GCC_WARN_UNUSED_VARIABLE = YES;
				IPHONEOS_DEPLOYMENT_TARGET = 16.2;
				MTL_ENABLE_DEBUG_INFO = NO;
				MTL_FAST_MATH = YES;
				SDKROOT = iphoneos;
				SWIFT_COMPILATION_MODE = wholemodule;
				SWIFT_OPTIMIZATION_LEVEL = "-O";
				VALIDATE_PRODUCT = YES;
			};
			name = Release;
		};
		0B26D6ED2D64974500371A73 /* Debug */ = {
			isa = XCBuildConfiguration;
			buildSettings = {
				ASSETCATALOG_COMPILER_APPICON_NAME = AppIcon;
				ASSETCATALOG_COMPILER_GLOBAL_ACCENT_COLOR_NAME = AccentColor;
				CODE_SIGN_STYLE = Automatic;
				CURRENT_PROJECT_VERSION = 1;
				GENERATE_INFOPLIST_FILE = YES;
				INFOPLIST_FILE = "UI-Project-6/Info.plist";
				INFOPLIST_KEY_UIApplicationSupportsIndirectInputEvents = YES;
				INFOPLIST_KEY_UILaunchStoryboardName = LaunchScreen;
				INFOPLIST_KEY_UIMainStoryboardFile = Main;
				INFOPLIST_KEY_UISupportedInterfaceOrientations_iPad = "UIInterfaceOrientationPortrait UIInterfaceOrientationPortraitUpsideDown UIInterfaceOrientationLandscapeLeft UIInterfaceOrientationLandscapeRight";
				INFOPLIST_KEY_UISupportedInterfaceOrientations_iPhone = "UIInterfaceOrientationPortrait UIInterfaceOrientationLandscapeLeft UIInterfaceOrientationLandscapeRight";
				LD_RUNPATH_SEARCH_PATHS = (
					"$(inherited)",
					"@executable_path/Frameworks",
				);
				MARKETING_VERSION = 1.0;
				PRODUCT_BUNDLE_IDENTIFIER = "IPH.UI-Project-6";
				PRODUCT_NAME = "$(TARGET_NAME)";
				SWIFT_EMIT_LOC_STRINGS = YES;
				SWIFT_VERSION = 5.0;
				TARGETED_DEVICE_FAMILY = "1,2";
			};
			name = Debug;
		};
		0B26D6EE2D64974500371A73 /* Release */ = {
			isa = XCBuildConfiguration;
			buildSettings = {
				ASSETCATALOG_COMPILER_APPICON_NAME = AppIcon;
				ASSETCATALOG_COMPILER_GLOBAL_ACCENT_COLOR_NAME = AccentColor;
				CODE_SIGN_STYLE = Automatic;
				CURRENT_PROJECT_VERSION = 1;
				GENERATE_INFOPLIST_FILE = YES;
				INFOPLIST_FILE = "UI-Project-6/Info.plist";
				INFOPLIST_KEY_UIApplicationSupportsIndirectInputEvents = YES;
				INFOPLIST_KEY_UILaunchStoryboardName = LaunchScreen;
				INFOPLIST_KEY_UIMainStoryboardFile = Main;
				INFOPLIST_KEY_UISupportedInterfaceOrientations_iPad = "UIInterfaceOrientationPortrait UIInterfaceOrientationPortraitUpsideDown UIInterfaceOrientationLandscapeLeft UIInterfaceOrientationLandscapeRight";
				INFOPLIST_KEY_UISupportedInterfaceOrientations_iPhone = "UIInterfaceOrientationPortrait UIInterfaceOrientationLandscapeLeft UIInterfaceOrientationLandscapeRight";
				LD_RUNPATH_SEARCH_PATHS = (
					"$(inherited)",
					"@executable_path/Frameworks",
				);
				MARKETING_VERSION = 1.0;
				PRODUCT_BUNDLE_IDENTIFIER = "IPH.UI-Project-6";
				PRODUCT_NAME = "$(TARGET_NAME)";
				SWIFT_EMIT_LOC_STRINGS = YES;
				SWIFT_VERSION = 5.0;
				TARGETED_DEVICE_FAMILY = "1,2";
			};
			name = Release;
		};
/* End XCBuildConfiguration section */

/* Begin XCConfigurationList section */
		0B26D6D32D64974100371A73 /* Build configuration list for PBXProject "UI-Project-6" */ = {
			isa = XCConfigurationList;
			buildConfigurations = (
				0B26D6EA2D64974500371A73 /* Debug */,
				0B26D6EB2D64974500371A73 /* Release */,
			);
			defaultConfigurationIsVisible = 0;
			defaultConfigurationName = Release;
		};
		0B26D6EC2D64974500371A73 /* Build configuration list for PBXNativeTarget "UI-Project-6" */ = {
			isa = XCConfigurationList;
			buildConfigurations = (
				0B26D6ED2D64974500371A73 /* Debug */,
				0B26D6EE2D64974500371A73 /* Release */,
			);
			defaultConfigurationIsVisible = 0;
			defaultConfigurationName = Release;
		};
/* End XCConfigurationList section */
	};
	rootObject = 0B26D6D02D64974100371A73 /* Project object */;
}
